{
  "requires": true,
  "lockfileVersion": 1,
  "dependencies": {
    "es5-basic": {
      "version": "0.2.1",
      "resolved": "https://registry.npmjs.org/es5-basic/-/es5-basic-0.2.1.tgz",
      "integrity": "sha1-9MdatLQn3YtUpYFZxyuvLGzkOps="
    },
    "jar": {
      "version": "0.3.4",
      "resolved": "https://registry.npmjs.org/jar/-/jar-0.3.4.tgz",
      "integrity": "sha1-wjDQljQQMcmzMz6Qus81wM4CI/0=",
      "requires": {
        "es5-basic": "*"
      }
    }
  }
}
